
Microsoft Visual Studio Solution File, Format Version 12.00
# Visual Studio Version 17
VisualStudioVersion = 17.4.33110.190
MinimumVisualStudioVersion = 10.0.40219.1
Project("{F184B08F-C81C-45F6-A57F-5ABD9991F28F}") = "herhaling final", "herhaling final\herhaling final.vbproj", "{F13F4F92-83DB-4084-9B13-E8086A412D29}"
EndProject
Global
	GlobalSection(SolutionConfigurationPlatforms) = preSolution
		Debug|Any CPU = Debug|Any CPU
		Release|Any CPU = Release|Any CPU
	EndGlobalSection
	GlobalSection(ProjectConfigurationPlatforms) = postSolution
		{F13F4F92-83DB-4084-9B13-E8086A412D29}.Debug|Any CPU.ActiveCfg = Debug|Any CPU
		{F13F4F92-83DB-4084-9B13-E8086A412D29}.Debug|Any CPU.Build.0 = Debug|Any CPU
		{F13F4F92-83DB-4084-9B13-E8086A412D29}.Release|Any CPU.ActiveCfg = Release|Any CPU
		{F13F4F92-83DB-4084-9B13-E8086A412D29}.Release|Any CPU.Build.0 = Release|Any CPU
	EndGlobalSection
	GlobalSection(SolutionProperties) = preSolution
		HideSolutionNode = FALSE
	EndGlobalSection
	GlobalSection(ExtensibilityGlobals) = postSolution
		SolutionGuid = {560B1874-1B71-452B-9425-90636239917B}
	EndGlobalSection
EndGlobal
